<?xml version="1.0" encoding="utf-8"?>
<Project ToolsVersion="4.0" xmlns="http://schemas.microsoft.com/developer/msbuild/2003">
  <ItemGroup>
    <Filter Include="Source Files">
      <UniqueIdentifier>{4FC737F1-C7A5-4376-A066-2A32D752A2FF}</UniqueIdentifier>
      <Extensions>cpp;c;cc;cxx;c++;cppm;ixx;def;odl;idl;hpj;bat;asm;asmx</Extensions>
    </Filter>
    <Filter Include="Header Files">
      <UniqueIdentifier>{93995380-89BD-4b04-88EB-625FBE52EBFB}</UniqueIdentifier>
      <Extensions>h;hh;hpp;hxx;h++;hm;inl;inc;ipp;xsd</Extensions>
    </Filter>
    <Filter Include="Resource Files">
      <UniqueIdentifier>{67DA6AB6-F800-4c08-8B7A-83BB121AAD01}</UniqueIdentifier>
      <Extensions>rc;ico;cur;bmp;dlg;rc2;rct;bin;rgs;gif;jpg;jpeg;jpe;resx;tiff;tif;png;wav;mfcribbon-ms</Extensions>
    </Filter>
    <Filter Include="Header Files\Structures">
      <UniqueIdentifier>{5d102f57-eec2-4ff4-a2e6-0273c720eb6e}</UniqueIdentifier>
    </Filter>
    <Filter Include="Header Files\Managers">
      <UniqueIdentifier>{2e8694d8-f6b9-4803-869a-4359838a7fba}</UniqueIdentifier>
    </Filter>
    <Filter Include="Header Files\RequestHandlers">
      <UniqueIdentifier>{7010bd09-8ca6-4c97-bdc1-ffcca35092b3}</UniqueIdentifier>
    </Filter>
    <Filter Include="Header Files\Communication">
      <UniqueIdentifier>{52b388ae-d8ed-4fa3-812f-28e21e945481}</UniqueIdentifier>
    </Filter>
    <Filter Include="Header Files\Database">
      <UniqueIdentifier>{83bd7a00-4523-4719-b2e2-d10848108db1}</UniqueIdentifier>
    </Filter>
    <Filter Include="Header Files\Game">
      <UniqueIdentifier>{18fbc3e0-a522-4eb9-b885-23a2b3892ca4}</UniqueIdentifier>
    </Filter>
    <Filter Include="Source Files\Managers">
      <UniqueIdentifier>{a16e74e5-11be-423d-ba65-250cf5c67c26}</UniqueIdentifier>
    </Filter>
    <Filter Include="Source Files\Communication">
      <UniqueIdentifier>{3920ab32-0f98-4ce8-b481-2ff4ffd8cd96}</UniqueIdentifier>
    </Filter>
    <Filter Include="Source Files\Database">
      <UniqueIdentifier>{f7a54b8a-e5a4-4771-be11-d3fa1928ba73}</UniqueIdentifier>
    </Filter>
    <Filter Include="Source Files\Game">
      <UniqueIdentifier>{64eee802-1a60-4005-b888-28b5d0ee6cfa}</UniqueIdentifier>
    </Filter>
    <Filter Include="Source Files\RequestHandlers">
      <UniqueIdentifier>{bbd121b0-e7de-4661-9ca3-1cb0daacde7a}</UniqueIdentifier>
    </Filter>
    <Filter Include="Source Files\Structures">
      <UniqueIdentifier>{88afc426-32ff-41fd-b1e6-1a5d4990f321}</UniqueIdentifier>
    </Filter>
  </ItemGroup>
  <ItemGroup>
    <ClCompile Include="main.cpp">
      <Filter>Source Files</Filter>
    </ClCompile>
    <ClCompile Include="Helper.cpp">
      <Filter>Source Files</Filter>
    </ClCompile>
    <ClCompile Include="GameManager.cpp">
      <Filter>Source Files\Managers</Filter>
    </ClCompile>
    <ClCompile Include="LoginManager.cpp">
      <Filter>Source Files\Managers</Filter>
    </ClCompile>
    <ClCompile Include="RoomManager.cpp">
      <Filter>Source Files\Managers</Filter>
    </ClCompile>
    <ClCompile Include="StatisticsManager.cpp">
      <Filter>Source Files\Managers</Filter>
    </ClCompile>
    <ClCompile Include="Communicator.cpp">
      <Filter>Source Files\Communication</Filter>
    </ClCompile>
    <ClCompile Include="Server.cpp">
      <Filter>Source Files\Communication</Filter>
    </ClCompile>
    <ClCompile Include="WSAInitializer.cpp">
      <Filter>Source Files\Communication</Filter>
    </ClCompile>
    <ClCompile Include="sqlite3.c">
      <Filter>Source Files\Database</Filter>
    </ClCompile>
    <ClCompile Include="SqliteDatabase.cpp">
      <Filter>Source Files\Database</Filter>
    </ClCompile>
    <ClCompile Include="Game.cpp">
      <Filter>Source Files\Game</Filter>
    </ClCompile>
    <ClCompile Include="LoggedUser.cpp">
      <Filter>Source Files\Game</Filter>
    </ClCompile>
    <ClCompile Include="Question.cpp">
      <Filter>Source Files\Game</Filter>
    </ClCompile>
    <ClCompile Include="Room.cpp">
      <Filter>Source Files\Game</Filter>
    </ClCompile>
    <ClCompile Include="GameRequestHandler.cpp">
      <Filter>Source Files\RequestHandlers</Filter>
    </ClCompile>
    <ClCompile Include="LoginRequestHandler.cpp">
      <Filter>Source Files\RequestHandlers</Filter>
    </ClCompile>
    <ClCompile Include="MenuRequestHandler.cpp">
      <Filter>Source Files\RequestHandlers</Filter>
    </ClCompile>
    <ClCompile Include="RequestHandlerFactory.cpp">
      <Filter>Source Files\RequestHandlers</Filter>
    </ClCompile>
    <ClCompile Include="RoomAdminRequestHandler.cpp">
      <Filter>Source Files\RequestHandlers</Filter>
    </ClCompile>
    <ClCompile Include="RoomMemberRequestHandler.cpp">
      <Filter>Source Files\RequestHandlers</Filter>
    </ClCompile>
    <ClCompile Include="JsonRequestPacketDeserializer.cpp">
      <Filter>Source Files\Structures</Filter>
    </ClCompile>
    <ClCompile Include="JsonResponsePacketSerializer.cpp">
      <Filter>Source Files\Structures</Filter>
    </ClCompile>
    <ClCompile Include="ResponseStructures.cpp">
      <Filter>Source Files\Structures</Filter>
    </ClCompile>
  </ItemGroup>
  <ItemGroup>
    <ClInclude Include="Constants.h">
      <Filter>Header Files</Filter>
    </ClInclude>
    <ClInclude Include="Helper.h">
      <Filter>Header Files</Filter>
    </ClInclude>
    <ClInclude Include="ResponseStructures.h">
      <Filter>Header Files\Structures</Filter>
    </ClInclude>
    <ClInclude Include="RequestStructures.h">
      <Filter>Header Files\Structures</Filter>
    </ClInclude>
    <ClInclude Include="GameStructures.h">
      <Filter>Header Files\Structures</Filter>
    </ClInclude>
    <ClInclude Include="GameManager.h">
      <Filter>Header Files\Managers</Filter>
    </ClInclude>
    <ClInclude Include="LoginManager.h">
      <Filter>Header Files\Managers</Filter>
    </ClInclude>
    <ClInclude Include="RoomManager.h">
      <Filter>Header Files\Managers</Filter>
    </ClInclude>
    <ClInclude Include="StatisticsManager.h">
      <Filter>Header Files\Managers</Filter>
    </ClInclude>
    <ClInclude Include="GameRequestHandler.h">
      <Filter>Header Files\RequestHandlers</Filter>
    </ClInclude>
    <ClInclude Include="IRequestHandler.h">
      <Filter>Header Files\RequestHandlers</Filter>
    </ClInclude>
    <ClInclude Include="LoginRequestHandler.h">
      <Filter>Header Files\RequestHandlers</Filter>
    </ClInclude>
    <ClInclude Include="MenuRequestHandler.h">
      <Filter>Header Files\RequestHandlers</Filter>
    </ClInclude>
    <ClInclude Include="RequestHandlerFactory.h">
      <Filter>Header Files\RequestHandlers</Filter>
    </ClInclude>
    <ClInclude Include="RoomMemberRequestHandler.h">
      <Filter>Header Files\RequestHandlers</Filter>
    </ClInclude>
    <ClInclude Include="RoomAdminRequestHandler.h">
      <Filter>Header Files\RequestHandlers</Filter>
    </ClInclude>
    <ClInclude Include="WSAInitializer.h">
      <Filter>Header Files\Communication</Filter>
    </ClInclude>
    <ClInclude Include="Server.h">
      <Filter>Header Files\Communication</Filter>
    </ClInclude>
    <ClInclude Include="Communicator.h">
      <Filter>Header Files\Communication</Filter>
    </ClInclude>
    <ClInclude Include="sqlite3.h">
      <Filter>Header Files\Database</Filter>
    </ClInclude>
    <ClInclude Include="SqliteDatabase.h">
      <Filter>Header Files\Database</Filter>
    </ClInclude>
    <ClInclude Include="IDatabase.h">
      <Filter>Header Files\Database</Filter>
    </ClInclude>
    <ClInclude Include="Room.h">
      <Filter>Header Files\Game</Filter>
    </ClInclude>
    <ClInclude Include="Question.h">
      <Filter>Header Files\Game</Filter>
    </ClInclude>
    <ClInclude Include="LoggedUser.h">
      <Filter>Header Files\Game</Filter>
    </ClInclude>
    <ClInclude Include="Game.h">
      <Filter>Header Files\Game</Filter>
    </ClInclude>
    <ClInclude Include="json.hpp">
      <Filter>Header Files\Structures</Filter>
    </ClInclude>
    <ClInclude Include="JsonRequestPacketDeserializer.h">
      <Filter>Header Files\Structures</Filter>
    </ClInclude>
    <ClInclude Include="JsonResponsePacketSerializer.h">
      <Filter>Header Files\Structures</Filter>
    </ClInclude>
  </ItemGroup>
</Project>